
Microsoft Visual Studio Solution File, Format Version 12.00
# Visual Studio 14
VisualStudioVersion = 14.0.25420.1
MinimumVisualStudioVersion = 10.0.40219.1
Project("{FAE04EC0-301F-11D3-BF4B-00C04F79EFBC}") = "DroneLander.Android", "DroneLander\DroneLander.Android\DroneLander.Android.csproj", "{6D53C6A9-16FE-4E9A-A6B8-306479556969}"
EndProject
Project("{FAE04EC0-301F-11D3-BF4B-00C04F79EFBC}") = "DroneLander", "DroneLander\DroneLander\DroneLander.csproj", "{03F125B4-02BD-4E14-9545-F5F057B0F116}"
EndProject
Project("{FAE04EC0-301F-11D3-BF4B-00C04F79EFBC}") = "DroneLander.UWP", "DroneLander\DroneLander.UWP\DroneLander.UWP.csproj", "{AE5A8D4A-CF58-4272-9AE4-18A178848500}"
EndProject
Project("{FAE04EC0-301F-11D3-BF4B-00C04F79EFBC}") = "DroneLander.iOS", "DroneLander\DroneLander.iOS\DroneLander.iOS.csproj", "{916D99E1-8B99-4C37-B918-78B67952B90F}"
EndProject
Global
	GlobalSection(SolutionConfigurationPlatforms) = preSolution
		Ad-Hoc|Any CPU = Ad-Hoc|Any CPU
		Ad-Hoc|ARM = Ad-Hoc|ARM
		Ad-Hoc|iPhone = Ad-Hoc|iPhone
		Ad-Hoc|iPhoneSimulator = Ad-Hoc|iPhoneSimulator
		Ad-Hoc|x64 = Ad-Hoc|x64
		Ad-Hoc|x86 = Ad-Hoc|x86
		AppStore|Any CPU = AppStore|Any CPU
		AppStore|ARM = AppStore|ARM
		AppStore|iPhone = AppStore|iPhone
		AppStore|iPhoneSimulator = AppStore|iPhoneSimulator
		AppStore|x64 = AppStore|x64
		AppStore|x86 = AppStore|x86
		Debug|Any CPU = Debug|Any CPU
		Debug|ARM = Debug|ARM
		Debug|iPhone = Debug|iPhone
		Debug|iPhoneSimulator = Debug|iPhoneSimulator
		Debug|x64 = Debug|x64
		Debug|x86 = Debug|x86
		Release|Any CPU = Release|Any CPU
		Release|ARM = Release|ARM
		Release|iPhone = Release|iPhone
		Release|iPhoneSimulator = Release|iPhoneSimulator
		Release|x64 = Release|x64
		Release|x86 = Release|x86
	EndGlobalSection
	GlobalSection(ProjectConfigurationPlatforms) = postSolution
		{6D53C6A9-16FE-4E9A-A6B8-306479556969}.Ad-Hoc|Any CPU.ActiveCfg = Release|Any CPU
		{6D53C6A9-16FE-4E9A-A6B8-306479556969}.Ad-Hoc|Any CPU.Build.0 = Release|Any CPU
		{6D53C6A9-16FE-4E9A-A6B8-306479556969}.Ad-Hoc|Any CPU.Deploy.0 = Release|Any CPU
		{6D53C6A9-16FE-4E9A-A6B8-306479556969}.Ad-Hoc|ARM.ActiveCfg = Release|Any CPU
		{6D53C6A9-16FE-4E9A-A6B8-306479556969}.Ad-Hoc|ARM.Build.0 = Release|Any CPU
		{6D53C6A9-16FE-4E9A-A6B8-306479556969}.Ad-Hoc|ARM.Deploy.0 = Release|Any CPU
		{6D53C6A9-16FE-4E9A-A6B8-306479556969}.Ad-Hoc|iPhone.ActiveCfg = Release|Any CPU
		{6D53C6A9-16FE-4E9A-A6B8-306479556969}.Ad-Hoc|iPhone.Build.0 = Release|Any CPU
		{6D53C6A9-16FE-4E9A-A6B8-306479556969}.Ad-Hoc|iPhone.Deploy.0 = Release|Any CPU
		{6D53C6A9-16FE-4E9A-A6B8-306479556969}.Ad-Hoc|iPhoneSimulator.ActiveCfg = Release|Any CPU
		{6D53C6A9-16FE-4E9A-A6B8-306479556969}.Ad-Hoc|iPhoneSimulator.Build.0 = Release|Any CPU
		{6D53C6A9-16FE-4E9A-A6B8-306479556969}.Ad-Hoc|iPhoneSimulator.Deploy.0 = Release|Any CPU
		{6D53C6A9-16FE-4E9A-A6B8-306479556969}.Ad-Hoc|x64.ActiveCfg = Release|Any CPU
		{6D53C6A9-16FE-4E9A-A6B8-306479556969}.Ad-Hoc|x64.Build.0 = Release|Any CPU
		{6D53C6A9-16FE-4E9A-A6B8-306479556969}.Ad-Hoc|x64.Deploy.0 = Release|Any CPU
		{6D53C6A9-16FE-4E9A-A6B8-306479556969}.Ad-Hoc|x86.ActiveCfg = Release|Any CPU
		{6D53C6A9-16FE-4E9A-A6B8-306479556969}.Ad-Hoc|x86.Build.0 = Release|Any CPU
		{6D53C6A9-16FE-4E9A-A6B8-306479556969}.Ad-Hoc|x86.Deploy.0 = Release|Any CPU
		{6D53C6A9-16FE-4E9A-A6B8-306479556969}.AppStore|Any CPU.ActiveCfg = Release|Any CPU
		{6D53C6A9-16FE-4E9A-A6B8-306479556969}.AppStore|Any CPU.Build.0 = Release|Any CPU
		{6D53C6A9-16FE-4E9A-A6B8-306479556969}.AppStore|Any CPU.Deploy.0 = Release|Any CPU
		{6D53C6A9-16FE-4E9A-A6B8-306479556969}.AppStore|ARM.ActiveCfg = Release|Any CPU
		{6D53C6A9-16FE-4E9A-A6B8-306479556969}.AppStore|ARM.Build.0 = Release|Any CPU
		{6D53C6A9-16FE-4E9A-A6B8-306479556969}.AppStore|ARM.Deploy.0 = Release|Any CPU
		{6D53C6A9-16FE-4E9A-A6B8-306479556969}.AppStore|iPhone.ActiveCfg = Release|Any CPU
		{6D53C6A9-16FE-4E9A-A6B8-306479556969}.AppStore|iPhone.Build.0 = Release|Any CPU
		{6D53C6A9-16FE-4E9A-A6B8-306479556969}.AppStore|iPhone.Deploy.0 = Release|Any CPU
		{6D53C6A9-16FE-4E9A-A6B8-306479556969}.AppStore|iPhoneSimulator.ActiveCfg = Release|Any CPU
		{6D53C6A9-16FE-4E9A-A6B8-306479556969}.AppStore|iPhoneSimulator.Build.0 = Release|Any CPU
		{6D53C6A9-16FE-4E9A-A6B8-306479556969}.AppStore|iPhoneSimulator.Deploy.0 = Release|Any CPU
		{6D53C6A9-16FE-4E9A-A6B8-306479556969}.AppStore|x64.ActiveCfg = Release|Any CPU
		{6D53C6A9-16FE-4E9A-A6B8-306479556969}.AppStore|x64.Build.0 = Release|Any CPU
		{6D53C6A9-16FE-4E9A-A6B8-306479556969}.AppStore|x64.Deploy.0 = Release|Any CPU
		{6D53C6A9-16FE-4E9A-A6B8-306479556969}.AppStore|x86.ActiveCfg = Release|Any CPU
		{6D53C6A9-16FE-4E9A-A6B8-306479556969}.AppStore|x86.Build.0 = Release|Any CPU
		{6D53C6A9-16FE-4E9A-A6B8-306479556969}.AppStore|x86.Deploy.0 = Release|Any CPU
		{6D53C6A9-16FE-4E9A-A6B8-306479556969}.Debug|Any CPU.ActiveCfg = Debug|Any CPU
		{6D53C6A9-16FE-4E9A-A6B8-306479556969}.Debug|Any CPU.Build.0 = Debug|Any CPU
		{6D53C6A9-16FE-4E9A-A6B8-306479556969}.Debug|Any CPU.Deploy.0 = Debug|Any CPU
		{6D53C6A9-16FE-4E9A-A6B8-306479556969}.Debug|ARM.ActiveCfg = Debug|Any CPU
		{6D53C6A9-16FE-4E9A-A6B8-306479556969}.Debug|ARM.Build.0 = Debug|Any CPU
		{6D53C6A9-16FE-4E9A-A6B8-306479556969}.Debug|ARM.Deploy.0 = Debug|Any CPU
		{6D53C6A9-16FE-4E9A-A6B8-306479556969}.Debug|iPhone.ActiveCfg = Debug|Any CPU
		{6D53C6A9-16FE-4E9A-A6B8-306479556969}.Debug|iPhone.Build.0 = Debug|Any CPU
		{6D53C6A9-16FE-4E9A-A6B8-306479556969}.Debug|iPhone.Deploy.0 = Debug|Any CPU
		{6D53C6A9-16FE-4E9A-A6B8-306479556969}.Debug|iPhoneSimulator.ActiveCfg = Debug|Any CPU
		{6D53C6A9-16FE-4E9A-A6B8-306479556969}.Debug|iPhoneSimulator.Build.0 = Debug|Any CPU
		{6D53C6A9-16FE-4E9A-A6B8-306479556969}.Debug|iPhoneSimulator.Deploy.0 = Debug|Any CPU
		{6D53C6A9-16FE-4E9A-A6B8-306479556969}.Debug|x64.ActiveCfg = Debug|Any CPU
		{6D53C6A9-16FE-4E9A-A6B8-306479556969}.Debug|x64.Build.0 = Debug|Any CPU
		{6D53C6A9-16FE-4E9A-A6B8-306479556969}.Debug|x64.Deploy.0 = Debug|Any CPU
		{6D53C6A9-16FE-4E9A-A6B8-306479556969}.Debug|x86.ActiveCfg = Debug|Any CPU
		{6D53C6A9-16FE-4E9A-A6B8-306479556969}.Debug|x86.Build.0 = Debug|Any CPU
		{6D53C6A9-16FE-4E9A-A6B8-306479556969}.Debug|x86.Deploy.0 = Debug|Any CPU
		{6D53C6A9-16FE-4E9A-A6B8-306479556969}.Release|Any CPU.ActiveCfg = Release|Any CPU
		{6D53C6A9-16FE-4E9A-A6B8-306479556969}.Release|Any CPU.Build.0 = Release|Any CPU
		{6D53C6A9-16FE-4E9A-A6B8-306479556969}.Release|Any CPU.Deploy.0 = Release|Any CPU
		{6D53C6A9-16FE-4E9A-A6B8-306479556969}.Release|ARM.ActiveCfg = Release|Any CPU
		{6D53C6A9-16FE-4E9A-A6B8-306479556969}.Release|ARM.Build.0 = Release|Any CPU
		{6D53C6A9-16FE-4E9A-A6B8-306479556969}.Release|ARM.Deploy.0 = Release|Any CPU
		{6D53C6A9-16FE-4E9A-A6B8-306479556969}.Release|iPhone.ActiveCfg = Release|Any CPU
		{6D53C6A9-16FE-4E9A-A6B8-306479556969}.Release|iPhone.Build.0 = Release|Any CPU
		{6D53C6A9-16FE-4E9A-A6B8-306479556969}.Release|iPhone.Deploy.0 = Release|Any CPU
		{6D53C6A9-16FE-4E9A-A6B8-306479556969}.Release|iPhoneSimulator.ActiveCfg = Release|Any CPU
		{6D53C6A9-16FE-4E9A-A6B8-306479556969}.Release|iPhoneSimulator.Build.0 = Release|Any CPU
		{6D53C6A9-16FE-4E9A-A6B8-306479556969}.Release|iPhoneSimulator.Deploy.0 = Release|Any CPU
		{6D53C6A9-16FE-4E9A-A6B8-306479556969}.Release|x64.ActiveCfg = Release|Any CPU
		{6D53C6A9-16FE-4E9A-A6B8-306479556969}.Release|x64.Build.0 = Release|Any CPU
		{6D53C6A9-16FE-4E9A-A6B8-306479556969}.Release|x64.Deploy.0 = Release|Any CPU
		{6D53C6A9-16FE-4E9A-A6B8-306479556969}.Release|x86.ActiveCfg = Release|Any CPU
		{6D53C6A9-16FE-4E9A-A6B8-306479556969}.Release|x86.Build.0 = Release|Any CPU
		{6D53C6A9-16FE-4E9A-A6B8-306479556969}.Release|x86.Deploy.0 = Release|Any CPU
		{03F125B4-02BD-4E14-9545-F5F057B0F116}.Ad-Hoc|Any CPU.ActiveCfg = Release|Any CPU
		{03F125B4-02BD-4E14-9545-F5F057B0F116}.Ad-Hoc|Any CPU.Build.0 = Release|Any CPU
		{03F125B4-02BD-4E14-9545-F5F057B0F116}.Ad-Hoc|ARM.ActiveCfg = Release|Any CPU
		{03F125B4-02BD-4E14-9545-F5F057B0F116}.Ad-Hoc|ARM.Build.0 = Release|Any CPU
		{03F125B4-02BD-4E14-9545-F5F057B0F116}.Ad-Hoc|iPhone.ActiveCfg = Release|Any CPU
		{03F125B4-02BD-4E14-9545-F5F057B0F116}.Ad-Hoc|iPhone.Build.0 = Release|Any CPU
		{03F125B4-02BD-4E14-9545-F5F057B0F116}.Ad-Hoc|iPhoneSimulator.ActiveCfg = Release|Any CPU
		{03F125B4-02BD-4E14-9545-F5F057B0F116}.Ad-Hoc|iPhoneSimulator.Build.0 = Release|Any CPU
		{03F125B4-02BD-4E14-9545-F5F057B0F116}.Ad-Hoc|x64.ActiveCfg = Release|Any CPU
		{03F125B4-02BD-4E14-9545-F5F057B0F116}.Ad-Hoc|x64.Build.0 = Release|Any CPU
		{03F125B4-02BD-4E14-9545-F5F057B0F116}.Ad-Hoc|x86.ActiveCfg = Release|Any CPU
		{03F125B4-02BD-4E14-9545-F5F057B0F116}.Ad-Hoc|x86.Build.0 = Release|Any CPU
		{03F125B4-02BD-4E14-9545-F5F057B0F116}.AppStore|Any CPU.ActiveCfg = Release|Any CPU
		{03F125B4-02BD-4E14-9545-F5F057B0F116}.AppStore|Any CPU.Build.0 = Release|Any CPU
		{03F125B4-02BD-4E14-9545-F5F057B0F116}.AppStore|ARM.ActiveCfg = Release|Any CPU
		{03F125B4-02BD-4E14-9545-F5F057B0F116}.AppStore|ARM.Build.0 = Release|Any CPU
		{03F125B4-02BD-4E14-9545-F5F057B0F116}.AppStore|iPhone.ActiveCfg = Release|Any CPU
		{03F125B4-02BD-4E14-9545-F5F057B0F116}.AppStore|iPhone.Build.0 = Release|Any CPU
		{03F125B4-02BD-4E14-9545-F5F057B0F116}.AppStore|iPhoneSimulator.ActiveCfg = Release|Any CPU
		{03F125B4-02BD-4E14-9545-F5F057B0F116}.AppStore|iPhoneSimulator.Build.0 = Release|Any CPU
		{03F125B4-02BD-4E14-9545-F5F057B0F116}.AppStore|x64.ActiveCfg = Release|Any CPU
		{03F125B4-02BD-4E14-9545-F5F057B0F116}.AppStore|x64.Build.0 = Release|Any CPU
		{03F125B4-02BD-4E14-9545-F5F057B0F116}.AppStore|x86.ActiveCfg = Release|Any CPU
		{03F125B4-02BD-4E14-9545-F5F057B0F116}.AppStore|x86.Build.0 = Release|Any CPU
		{03F125B4-02BD-4E14-9545-F5F057B0F116}.Debug|Any CPU.ActiveCfg = Debug|Any CPU
		{03F125B4-02BD-4E14-9545-F5F057B0F116}.Debug|Any CPU.Build.0 = Debug|Any CPU
		{03F125B4-02BD-4E14-9545-F5F057B0F116}.Debug|ARM.ActiveCfg = Debug|Any CPU
		{03F125B4-02BD-4E14-9545-F5F057B0F116}.Debug|ARM.Build.0 = Debug|Any CPU
		{03F125B4-02BD-4E14-9545-F5F057B0F116}.Debug|iPhone.ActiveCfg = Debug|Any CPU
		{03F125B4-02BD-4E14-9545-F5F057B0F116}.Debug|iPhone.Build.0 = Debug|Any CPU
		{03F125B4-02BD-4E14-9545-F5F057B0F116}.Debug|iPhoneSimulator.ActiveCfg = Debug|Any CPU
		{03F125B4-02BD-4E14-9545-F5F057B0F116}.Debug|iPhoneSimulator.Build.0 = Debug|Any CPU
		{03F125B4-02BD-4E14-9545-F5F057B0F116}.Debug|x64.ActiveCfg = Debug|Any CPU
		{03F125B4-02BD-4E14-9545-F5F057B0F116}.Debug|x64.Build.0 = Debug|Any CPU
		{03F125B4-02BD-4E14-9545-F5F057B0F116}.Debug|x86.ActiveCfg = Debug|Any CPU
		{03F125B4-02BD-4E14-9545-F5F057B0F116}.Debug|x86.Build.0 = Debug|Any CPU
		{03F125B4-02BD-4E14-9545-F5F057B0F116}.Release|Any CPU.ActiveCfg = Release|Any CPU
		{03F125B4-02BD-4E14-9545-F5F057B0F116}.Release|Any CPU.Build.0 = Release|Any CPU
		{03F125B4-02BD-4E14-9545-F5F057B0F116}.Release|ARM.ActiveCfg = Release|Any CPU
		{03F125B4-02BD-4E14-9545-F5F057B0F116}.Release|ARM.Build.0 = Release|Any CPU
		{03F125B4-02BD-4E14-9545-F5F057B0F116}.Release|iPhone.ActiveCfg = Release|Any CPU
		{03F125B4-02BD-4E14-9545-F5F057B0F116}.Release|iPhone.Build.0 = Release|Any CPU
		{03F125B4-02BD-4E14-9545-F5F057B0F116}.Release|iPhoneSimulator.ActiveCfg = Release|Any CPU
		{03F125B4-02BD-4E14-9545-F5F057B0F116}.Release|iPhoneSimulator.Build.0 = Release|Any CPU
		{03F125B4-02BD-4E14-9545-F5F057B0F116}.Release|x64.ActiveCfg = Release|Any CPU
		{03F125B4-02BD-4E14-9545-F5F057B0F116}.Release|x64.Build.0 = Release|Any CPU
		{03F125B4-02BD-4E14-9545-F5F057B0F116}.Release|x86.ActiveCfg = Release|Any CPU
		{03F125B4-02BD-4E14-9545-F5F057B0F116}.Release|x86.Build.0 = Release|Any CPU
		{AE5A8D4A-CF58-4272-9AE4-18A178848500}.Ad-Hoc|Any CPU.ActiveCfg = Release|x86
		{AE5A8D4A-CF58-4272-9AE4-18A178848500}.Ad-Hoc|Any CPU.Build.0 = Release|x86
		{AE5A8D4A-CF58-4272-9AE4-18A178848500}.Ad-Hoc|Any CPU.Deploy.0 = Release|x86
		{AE5A8D4A-CF58-4272-9AE4-18A178848500}.Ad-Hoc|ARM.ActiveCfg = Release|ARM
		{AE5A8D4A-CF58-4272-9AE4-18A178848500}.Ad-Hoc|ARM.Build.0 = Release|ARM
		{AE5A8D4A-CF58-4272-9AE4-18A178848500}.Ad-Hoc|ARM.Deploy.0 = Release|ARM
		{AE5A8D4A-CF58-4272-9AE4-18A178848500}.Ad-Hoc|iPhone.ActiveCfg = Release|x86
		{AE5A8D4A-CF58-4272-9AE4-18A178848500}.Ad-Hoc|iPhone.Build.0 = Release|x86
		{AE5A8D4A-CF58-4272-9AE4-18A178848500}.Ad-Hoc|iPhone.Deploy.0 = Release|x86
		{AE5A8D4A-CF58-4272-9AE4-18A178848500}.Ad-Hoc|iPhoneSimulator.ActiveCfg = Release|x86
		{AE5A8D4A-CF58-4272-9AE4-18A178848500}.Ad-Hoc|iPhoneSimulator.Build.0 = Release|x86
		{AE5A8D4A-CF58-4272-9AE4-18A178848500}.Ad-Hoc|iPhoneSimulator.Deploy.0 = Release|x86
		{AE5A8D4A-CF58-4272-9AE4-18A178848500}.Ad-Hoc|x64.ActiveCfg = Release|x64
		{AE5A8D4A-CF58-4272-9AE4-18A178848500}.Ad-Hoc|x64.Build.0 = Release|x64
		{AE5A8D4A-CF58-4272-9AE4-18A178848500}.Ad-Hoc|x64.Deploy.0 = Release|x64
		{AE5A8D4A-CF58-4272-9AE4-18A178848500}.Ad-Hoc|x86.ActiveCfg = Release|x86
		{AE5A8D4A-CF58-4272-9AE4-18A178848500}.Ad-Hoc|x86.Build.0 = Release|x86
		{AE5A8D4A-CF58-4272-9AE4-18A178848500}.Ad-Hoc|x86.Deploy.0 = Release|x86
		{AE5A8D4A-CF58-4272-9AE4-18A178848500}.AppStore|Any CPU.ActiveCfg = Release|x86
		{AE5A8D4A-CF58-4272-9AE4-18A178848500}.AppStore|Any CPU.Build.0 = Release|x86
		{AE5A8D4A-CF58-4272-9AE4-18A178848500}.AppStore|Any CPU.Deploy.0 = Release|x86
		{AE5A8D4A-CF58-4272-9AE4-18A178848500}.AppStore|ARM.ActiveCfg = Release|ARM
		{AE5A8D4A-CF58-4272-9AE4-18A178848500}.AppStore|ARM.Build.0 = Release|ARM
		{AE5A8D4A-CF58-4272-9AE4-18A178848500}.AppStore|ARM.Deploy.0 = Release|ARM
		{AE5A8D4A-CF58-4272-9AE4-18A178848500}.AppStore|iPhone.ActiveCfg = Release|x86
		{AE5A8D4A-CF58-4272-9AE4-18A178848500}.AppStore|iPhone.Build.0 = Release|x86
		{AE5A8D4A-CF58-4272-9AE4-18A178848500}.AppStore|iPhone.Deploy.0 = Release|x86
		{AE5A8D4A-CF58-4272-9AE4-18A178848500}.AppStore|iPhoneSimulator.ActiveCfg = Release|x86
		{AE5A8D4A-CF58-4272-9AE4-18A178848500}.AppStore|iPhoneSimulator.Build.0 = Release|x86
		{AE5A8D4A-CF58-4272-9AE4-18A178848500}.AppStore|iPhoneSimulator.Deploy.0 = Release|x86
		{AE5A8D4A-CF58-4272-9AE4-18A178848500}.AppStore|x64.ActiveCfg = Release|x64
		{AE5A8D4A-CF58-4272-9AE4-18A178848500}.AppStore|x64.Build.0 = Release|x64
		{AE5A8D4A-CF58-4272-9AE4-18A178848500}.AppStore|x64.Deploy.0 = Release|x64
		{AE5A8D4A-CF58-4272-9AE4-18A178848500}.AppStore|x86.ActiveCfg = Release|x86
		{AE5A8D4A-CF58-4272-9AE4-18A178848500}.AppStore|x86.Build.0 = Release|x86
		{AE5A8D4A-CF58-4272-9AE4-18A178848500}.AppStore|x86.Deploy.0 = Release|x86
		{AE5A8D4A-CF58-4272-9AE4-18A178848500}.Debug|Any CPU.ActiveCfg = Debug|x86
		{AE5A8D4A-CF58-4272-9AE4-18A178848500}.Debug|Any CPU.Build.0 = Debug|x86
		{AE5A8D4A-CF58-4272-9AE4-18A178848500}.Debug|Any CPU.Deploy.0 = Debug|x86
		{AE5A8D4A-CF58-4272-9AE4-18A178848500}.Debug|ARM.ActiveCfg = Debug|ARM
		{AE5A8D4A-CF58-4272-9AE4-18A178848500}.Debug|ARM.Build.0 = Debug|ARM
		{AE5A8D4A-CF58-4272-9AE4-18A178848500}.Debug|ARM.Deploy.0 = Debug|ARM
		{AE5A8D4A-CF58-4272-9AE4-18A178848500}.Debug|iPhone.ActiveCfg = Debug|x86
		{AE5A8D4A-CF58-4272-9AE4-18A178848500}.Debug|iPhoneSimulator.ActiveCfg = Debug|x86
		{AE5A8D4A-CF58-4272-9AE4-18A178848500}.Debug|x64.ActiveCfg = Debug|x64
		{AE5A8D4A-CF58-4272-9AE4-18A178848500}.Debug|x64.Build.0 = Debug|x64
		{AE5A8D4A-CF58-4272-9AE4-18A178848500}.Debug|x64.Deploy.0 = Debug|x64
		{AE5A8D4A-CF58-4272-9AE4-18A178848500}.Debug|x86.ActiveCfg = Debug|x86
		{AE5A8D4A-CF58-4272-9AE4-18A178848500}.Debug|x86.Build.0 = Debug|x86
		{AE5A8D4A-CF58-4272-9AE4-18A178848500}.Debug|x86.Deploy.0 = Debug|x86
		{AE5A8D4A-CF58-4272-9AE4-18A178848500}.Release|Any CPU.ActiveCfg = Release|x86
		{AE5A8D4A-CF58-4272-9AE4-18A178848500}.Release|ARM.ActiveCfg = Release|ARM
		{AE5A8D4A-CF58-4272-9AE4-18A178848500}.Release|ARM.Build.0 = Release|ARM
		{AE5A8D4A-CF58-4272-9AE4-18A178848500}.Release|ARM.Deploy.0 = Release|ARM
		{AE5A8D4A-CF58-4272-9AE4-18A178848500}.Release|iPhone.ActiveCfg = Release|x86
		{AE5A8D4A-CF58-4272-9AE4-18A178848500}.Release|iPhoneSimulator.ActiveCfg = Release|x86
		{AE5A8D4A-CF58-4272-9AE4-18A178848500}.Release|x64.ActiveCfg = Release|x64
		{AE5A8D4A-CF58-4272-9AE4-18A178848500}.Release|x64.Build.0 = Release|x64
		{AE5A8D4A-CF58-4272-9AE4-18A178848500}.Release|x64.Deploy.0 = Release|x64
		{AE5A8D4A-CF58-4272-9AE4-18A178848500}.Release|x86.ActiveCfg = Release|x86
		{AE5A8D4A-CF58-4272-9AE4-18A178848500}.Release|x86.Build.0 = Release|x86
		{AE5A8D4A-CF58-4272-9AE4-18A178848500}.Release|x86.Deploy.0 = Release|x86
		{916D99E1-8B99-4C37-B918-78B67952B90F}.Ad-Hoc|Any CPU.ActiveCfg = Ad-Hoc|iPhone
		{916D99E1-8B99-4C37-B918-78B67952B90F}.Ad-Hoc|ARM.ActiveCfg = Ad-Hoc|iPhone
		{916D99E1-8B99-4C37-B918-78B67952B90F}.Ad-Hoc|iPhone.ActiveCfg = Ad-Hoc|iPhone
		{916D99E1-8B99-4C37-B918-78B67952B90F}.Ad-Hoc|iPhone.Build.0 = Ad-Hoc|iPhone
		{916D99E1-8B99-4C37-B918-78B67952B90F}.Ad-Hoc|iPhoneSimulator.ActiveCfg = Ad-Hoc|iPhoneSimulator
		{916D99E1-8B99-4C37-B918-78B67952B90F}.Ad-Hoc|iPhoneSimulator.Build.0 = Ad-Hoc|iPhoneSimulator
		{916D99E1-8B99-4C37-B918-78B67952B90F}.Ad-Hoc|x64.ActiveCfg = Ad-Hoc|iPhone
		{916D99E1-8B99-4C37-B918-78B67952B90F}.Ad-Hoc|x86.ActiveCfg = Ad-Hoc|iPhone
		{916D99E1-8B99-4C37-B918-78B67952B90F}.AppStore|Any CPU.ActiveCfg = AppStore|iPhone
		{916D99E1-8B99-4C37-B918-78B67952B90F}.AppStore|ARM.ActiveCfg = AppStore|iPhone
		{916D99E1-8B99-4C37-B918-78B67952B90F}.AppStore|iPhone.ActiveCfg = AppStore|iPhone
		{916D99E1-8B99-4C37-B918-78B67952B90F}.AppStore|iPhone.Build.0 = AppStore|iPhone
		{916D99E1-8B99-4C37-B918-78B67952B90F}.AppStore|iPhoneSimulator.ActiveCfg = AppStore|iPhoneSimulator
		{916D99E1-8B99-4C37-B918-78B67952B90F}.AppStore|iPhoneSimulator.Build.0 = AppStore|iPhoneSimulator
		{916D99E1-8B99-4C37-B918-78B67952B90F}.AppStore|x64.ActiveCfg = AppStore|iPhone
		{916D99E1-8B99-4C37-B918-78B67952B90F}.AppStore|x86.ActiveCfg = AppStore|iPhone
		{916D99E1-8B99-4C37-B918-78B67952B90F}.Debug|Any CPU.ActiveCfg = Debug|iPhone
		{916D99E1-8B99-4C37-B918-78B67952B90F}.Debug|ARM.ActiveCfg = Debug|iPhone
		{916D99E1-8B99-4C37-B918-78B67952B90F}.Debug|iPhone.ActiveCfg = Debug|iPhone
		{916D99E1-8B99-4C37-B918-78B67952B90F}.Debug|iPhone.Build.0 = Debug|iPhone
		{916D99E1-8B99-4C37-B918-78B67952B90F}.Debug|iPhoneSimulator.ActiveCfg = Debug|iPhoneSimulator
		{916D99E1-8B99-4C37-B918-78B67952B90F}.Debug|iPhoneSimulator.Build.0 = Debug|iPhoneSimulator
		{916D99E1-8B99-4C37-B918-78B67952B90F}.Debug|x64.ActiveCfg = Debug|iPhone
		{916D99E1-8B99-4C37-B918-78B67952B90F}.Debug|x86.ActiveCfg = Debug|iPhone
		{916D99E1-8B99-4C37-B918-78B67952B90F}.Release|Any CPU.ActiveCfg = Release|iPhone
		{916D99E1-8B99-4C37-B918-78B67952B90F}.Release|ARM.ActiveCfg = Release|iPhone
		{916D99E1-8B99-4C37-B918-78B67952B90F}.Release|iPhone.ActiveCfg = Release|iPhone
		{916D99E1-8B99-4C37-B918-78B67952B90F}.Release|iPhone.Build.0 = Release|iPhone
		{916D99E1-8B99-4C37-B918-78B67952B90F}.Release|iPhoneSimulator.ActiveCfg = Release|iPhoneSimulator
		{916D99E1-8B99-4C37-B918-78B67952B90F}.Release|iPhoneSimulator.Build.0 = Release|iPhoneSimulator
		{916D99E1-8B99-4C37-B918-78B67952B90F}.Release|x64.ActiveCfg = Release|iPhone
		{916D99E1-8B99-4C37-B918-78B67952B90F}.Release|x86.ActiveCfg = Release|iPhone
	EndGlobalSection
	GlobalSection(SolutionProperties) = preSolution
		HideSolutionNode = FALSE
	EndGlobalSection
EndGlobal
